
Microsoft Visual Studio Solution File, Format Version 12.00
# Visual Studio Version 17
VisualStudioVersion = 17.0.31903.59
MinimumVisualStudioVersion = 10.0.40219.1
Project("{FAE04EC0-301F-11D3-BF4B-00C04F79EFBC}") = "API", "API\API.csproj", "{AAD0EE5E-08AF-477B-B2D8-93223D2E4B4A}"
EndProject
Project("{FAE04EC0-301F-11D3-BF4B-00C04F79EFBC}") = "Core", "Core\Core.csproj", "{8FF985F1-AA17-4324-AF84-4C6B02EF8662}"
EndProject
Project("{FAE04EC0-301F-11D3-BF4B-00C04F79EFBC}") = "infrastructure", "Infrastructure\infrastructure.csproj", "{84EC4F77-79C2-4A38-AD02-B0A02881BEC9}"
EndProject
Global
	GlobalSection(SolutionConfigurationPlatforms) = preSolution
		Debug|Any CPU = Debug|Any CPU
		Release|Any CPU = Release|Any CPU
	EndGlobalSection
	GlobalSection(SolutionProperties) = preSolution
		HideSolutionNode = FALSE
	EndGlobalSection
	GlobalSection(ProjectConfigurationPlatforms) = postSolution
		{AAD0EE5E-08AF-477B-B2D8-93223D2E4B4A}.Debug|Any CPU.ActiveCfg = Debug|Any CPU
		{AAD0EE5E-08AF-477B-B2D8-93223D2E4B4A}.Debug|Any CPU.Build.0 = Debug|Any CPU
		{AAD0EE5E-08AF-477B-B2D8-93223D2E4B4A}.Release|Any CPU.ActiveCfg = Release|Any CPU
		{AAD0EE5E-08AF-477B-B2D8-93223D2E4B4A}.Release|Any CPU.Build.0 = Release|Any CPU
		{8FF985F1-AA17-4324-AF84-4C6B02EF8662}.Debug|Any CPU.ActiveCfg = Debug|Any CPU
		{8FF985F1-AA17-4324-AF84-4C6B02EF8662}.Debug|Any CPU.Build.0 = Debug|Any CPU
		{8FF985F1-AA17-4324-AF84-4C6B02EF8662}.Release|Any CPU.ActiveCfg = Release|Any CPU
		{8FF985F1-AA17-4324-AF84-4C6B02EF8662}.Release|Any CPU.Build.0 = Release|Any CPU
		{84EC4F77-79C2-4A38-AD02-B0A02881BEC9}.Debug|Any CPU.ActiveCfg = Debug|Any CPU
		{84EC4F77-79C2-4A38-AD02-B0A02881BEC9}.Debug|Any CPU.Build.0 = Debug|Any CPU
		{84EC4F77-79C2-4A38-AD02-B0A02881BEC9}.Release|Any CPU.ActiveCfg = Release|Any CPU
		{84EC4F77-79C2-4A38-AD02-B0A02881BEC9}.Release|Any CPU.Build.0 = Release|Any CPU
	EndGlobalSection
EndGlobal
